
Microsoft Visual Studio Solution File, Format Version 12.00
# Visual Studio Version 17
VisualStudioVersion = 17.3.32929.385
MinimumVisualStudioVersion = 10.0.40219.1
Project("{9A19103F-16F7-4668-BE54-9A1E7A4F7556}") = "Task01", "Task01\Task01.csproj", "{672388A8-58DB-43AC-AD84-70FBAC8C03AD}"
EndProject
Global
	GlobalSection(SolutionConfigurationPlatforms) = preSolution
		Debug|Any CPU = Debug|Any CPU
		Release|Any CPU = Release|Any CPU
	EndGlobalSection
	GlobalSection(ProjectConfigurationPlatforms) = postSolution
		{672388A8-58DB-43AC-AD84-70FBAC8C03AD}.Debug|Any CPU.ActiveCfg = Debug|Any CPU
		{672388A8-58DB-43AC-AD84-70FBAC8C03AD}.Debug|Any CPU.Build.0 = Debug|Any CPU
		{672388A8-58DB-43AC-AD84-70FBAC8C03AD}.Release|Any CPU.ActiveCfg = Release|Any CPU
		{672388A8-58DB-43AC-AD84-70FBAC8C03AD}.Release|Any CPU.Build.0 = Release|Any CPU
	EndGlobalSection
	GlobalSection(SolutionProperties) = preSolution
		HideSolutionNode = FALSE
	EndGlobalSection
	GlobalSection(ExtensibilityGlobals) = postSolution
		SolutionGuid = {B89AB701-8A71-491D-9891-84AA7ECE27D2}
	EndGlobalSection
EndGlobal
